
Microsoft Visual Studio Solution File, Format Version 12.00
# Visual Studio Version 17
VisualStudioVersion = 17.9.34622.214
MinimumVisualStudioVersion = 10.0.40219.1
Project("{8BC9CEB8-8B4A-11D0-8D11-00A0C91BC942}") = "RacingSimulator3", "RacingSimulator3.vcxproj", "{6BD1121E-21E2-4684-BECA-E0E83E2E832F}"
EndProject
Project("{8BC9CEB8-8B4A-11D0-8D11-00A0C91BC942}") = "RacingDLL", "..\RacingDLL\RacingDLL.vcxproj", "{ADFD000E-303E-4D7F-B625-16DE795D6DD7}"
EndProject
Global
	GlobalSection(SolutionConfigurationPlatforms) = preSolution
		Debug|x64 = Debug|x64
		Debug|x86 = Debug|x86
		Release|x64 = Release|x64
		Release|x86 = Release|x86
	EndGlobalSection
	GlobalSection(ProjectConfigurationPlatforms) = postSolution
		{6BD1121E-21E2-4684-BECA-E0E83E2E832F}.Debug|x64.ActiveCfg = Debug|x64
		{6BD1121E-21E2-4684-BECA-E0E83E2E832F}.Debug|x64.Build.0 = Debug|x64
		{6BD1121E-21E2-4684-BECA-E0E83E2E832F}.Debug|x86.ActiveCfg = Debug|Win32
		{6BD1121E-21E2-4684-BECA-E0E83E2E832F}.Debug|x86.Build.0 = Debug|Win32
		{6BD1121E-21E2-4684-BECA-E0E83E2E832F}.Release|x64.ActiveCfg = Release|x64
		{6BD1121E-21E2-4684-BECA-E0E83E2E832F}.Release|x64.Build.0 = Release|x64
		{6BD1121E-21E2-4684-BECA-E0E83E2E832F}.Release|x86.ActiveCfg = Release|Win32
		{6BD1121E-21E2-4684-BECA-E0E83E2E832F}.Release|x86.Build.0 = Release|Win32
		{ADFD000E-303E-4D7F-B625-16DE795D6DD7}.Debug|x64.ActiveCfg = Debug|x64
		{ADFD000E-303E-4D7F-B625-16DE795D6DD7}.Debug|x64.Build.0 = Debug|x64
		{ADFD000E-303E-4D7F-B625-16DE795D6DD7}.Debug|x86.ActiveCfg = Debug|Win32
		{ADFD000E-303E-4D7F-B625-16DE795D6DD7}.Debug|x86.Build.0 = Debug|Win32
		{ADFD000E-303E-4D7F-B625-16DE795D6DD7}.Release|x64.ActiveCfg = Release|x64
		{ADFD000E-303E-4D7F-B625-16DE795D6DD7}.Release|x64.Build.0 = Release|x64
		{ADFD000E-303E-4D7F-B625-16DE795D6DD7}.Release|x86.ActiveCfg = Release|Win32
		{ADFD000E-303E-4D7F-B625-16DE795D6DD7}.Release|x86.Build.0 = Release|Win32
	EndGlobalSection
	GlobalSection(SolutionProperties) = preSolution
		HideSolutionNode = FALSE
	EndGlobalSection
	GlobalSection(ExtensibilityGlobals) = postSolution
		SolutionGuid = {A7E0B928-8171-45FF-A82F-9D673D51A2EB}
	EndGlobalSection
EndGlobal
