
Microsoft Visual Studio Solution File, Format Version 12.00
# Visual Studio Version 17
VisualStudioVersion = 17.9.34714.143
MinimumVisualStudioVersion = 10.0.40219.1
Project("{8BC9CEB8-8B4A-11D0-8D11-00A0C91BC942}") = "Algo HW4-3", "Algo HW4-3.vcxproj", "{65718374-0D24-413C-B8B6-5A94B44EFB1F}"
EndProject
Global
	GlobalSection(SolutionConfigurationPlatforms) = preSolution
		Debug|x64 = Debug|x64
		Debug|x86 = Debug|x86
		Release|x64 = Release|x64
		Release|x86 = Release|x86
	EndGlobalSection
	GlobalSection(ProjectConfigurationPlatforms) = postSolution
		{65718374-0D24-413C-B8B6-5A94B44EFB1F}.Debug|x64.ActiveCfg = Debug|x64
		{65718374-0D24-413C-B8B6-5A94B44EFB1F}.Debug|x64.Build.0 = Debug|x64
		{65718374-0D24-413C-B8B6-5A94B44EFB1F}.Debug|x86.ActiveCfg = Debug|Win32
		{65718374-0D24-413C-B8B6-5A94B44EFB1F}.Debug|x86.Build.0 = Debug|Win32
		{65718374-0D24-413C-B8B6-5A94B44EFB1F}.Release|x64.ActiveCfg = Release|x64
		{65718374-0D24-413C-B8B6-5A94B44EFB1F}.Release|x64.Build.0 = Release|x64
		{65718374-0D24-413C-B8B6-5A94B44EFB1F}.Release|x86.ActiveCfg = Release|Win32
		{65718374-0D24-413C-B8B6-5A94B44EFB1F}.Release|x86.Build.0 = Release|Win32
	EndGlobalSection
	GlobalSection(SolutionProperties) = preSolution
		HideSolutionNode = FALSE
	EndGlobalSection
	GlobalSection(ExtensibilityGlobals) = postSolution
		SolutionGuid = {14568CD1-00AE-48FB-ADE2-EBF6BB05EE5C}
	EndGlobalSection
EndGlobal
