
Microsoft Visual Studio Solution File, Format Version 12.00
# Visual Studio Version 17
VisualStudioVersion = 17.9.34723.18
MinimumVisualStudioVersion = 10.0.40219.1
Project("{8BC9CEB8-8B4A-11D0-8D11-00A0C91BC942}") = "AlgoHW8-2", "AlgoHW8-2.vcxproj", "{FA9EC33A-8E40-4E43-80B6-93F7BCADBBA4}"
EndProject
Global
	GlobalSection(SolutionConfigurationPlatforms) = preSolution
		Debug|x64 = Debug|x64
		Debug|x86 = Debug|x86
		Release|x64 = Release|x64
		Release|x86 = Release|x86
	EndGlobalSection
	GlobalSection(ProjectConfigurationPlatforms) = postSolution
		{FA9EC33A-8E40-4E43-80B6-93F7BCADBBA4}.Debug|x64.ActiveCfg = Debug|x64
		{FA9EC33A-8E40-4E43-80B6-93F7BCADBBA4}.Debug|x64.Build.0 = Debug|x64
		{FA9EC33A-8E40-4E43-80B6-93F7BCADBBA4}.Debug|x86.ActiveCfg = Debug|Win32
		{FA9EC33A-8E40-4E43-80B6-93F7BCADBBA4}.Debug|x86.Build.0 = Debug|Win32
		{FA9EC33A-8E40-4E43-80B6-93F7BCADBBA4}.Release|x64.ActiveCfg = Release|x64
		{FA9EC33A-8E40-4E43-80B6-93F7BCADBBA4}.Release|x64.Build.0 = Release|x64
		{FA9EC33A-8E40-4E43-80B6-93F7BCADBBA4}.Release|x86.ActiveCfg = Release|Win32
		{FA9EC33A-8E40-4E43-80B6-93F7BCADBBA4}.Release|x86.Build.0 = Release|Win32
	EndGlobalSection
	GlobalSection(SolutionProperties) = preSolution
		HideSolutionNode = FALSE
	EndGlobalSection
	GlobalSection(ExtensibilityGlobals) = postSolution
		SolutionGuid = {8E096FD3-F8CB-4058-A220-19130FEB4134}
	EndGlobalSection
EndGlobal
