
Microsoft Visual Studio Solution File, Format Version 12.00
# Visual Studio Version 17
VisualStudioVersion = 17.9.34723.18
MinimumVisualStudioVersion = 10.0.40219.1
Project("{8BC9CEB8-8B4A-11D0-8D11-00A0C91BC942}") = "AlgoHW7-3", "AlgoHW7-3.vcxproj", "{698F447C-2F4B-47EF-97C5-E36B93EC89A2}"
EndProject
Global
	GlobalSection(SolutionConfigurationPlatforms) = preSolution
		Debug|x64 = Debug|x64
		Debug|x86 = Debug|x86
		Release|x64 = Release|x64
		Release|x86 = Release|x86
	EndGlobalSection
	GlobalSection(ProjectConfigurationPlatforms) = postSolution
		{698F447C-2F4B-47EF-97C5-E36B93EC89A2}.Debug|x64.ActiveCfg = Debug|x64
		{698F447C-2F4B-47EF-97C5-E36B93EC89A2}.Debug|x64.Build.0 = Debug|x64
		{698F447C-2F4B-47EF-97C5-E36B93EC89A2}.Debug|x86.ActiveCfg = Debug|Win32
		{698F447C-2F4B-47EF-97C5-E36B93EC89A2}.Debug|x86.Build.0 = Debug|Win32
		{698F447C-2F4B-47EF-97C5-E36B93EC89A2}.Release|x64.ActiveCfg = Release|x64
		{698F447C-2F4B-47EF-97C5-E36B93EC89A2}.Release|x64.Build.0 = Release|x64
		{698F447C-2F4B-47EF-97C5-E36B93EC89A2}.Release|x86.ActiveCfg = Release|Win32
		{698F447C-2F4B-47EF-97C5-E36B93EC89A2}.Release|x86.Build.0 = Release|Win32
	EndGlobalSection
	GlobalSection(SolutionProperties) = preSolution
		HideSolutionNode = FALSE
	EndGlobalSection
	GlobalSection(ExtensibilityGlobals) = postSolution
		SolutionGuid = {B886B80B-90E9-4E36-A7DF-466AC1218FE1}
	EndGlobalSection
EndGlobal
